
Microsoft Visual Studio Solution File, Format Version 12.00
# Visual Studio Version 17
VisualStudioVersion = 17.9.34728.123
MinimumVisualStudioVersion = 10.0.40219.1
Project("{2150E333-8FDC-42A3-9474-1A3956D46DE8}") = "Domain", "Domain", "{3B50F39D-85D1-4C93-92EA-B39D8B1EDCE3}"
EndProject
Project("{2150E333-8FDC-42A3-9474-1A3956D46DE8}") = "MicroServices", "MicroServices", "{E9143888-F80D-43C6-8F47-1C994D1E01B2}"
EndProject
Project("{2150E333-8FDC-42A3-9474-1A3956D46DE8}") = "Infra.Bus", "Infra.Bus", "{D057DE56-5F74-4BCB-B22D-A04B27E6C807}"
EndProject
Project("{2150E333-8FDC-42A3-9474-1A3956D46DE8}") = "Infra.IoC", "Infra.IoC", "{1E7A3BC9-8341-495E-B7FC-4EDE76FD519C}"
EndProject
Project("{2150E333-8FDC-42A3-9474-1A3956D46DE8}") = "Presentation", "Presentation", "{E1A0496F-9299-43F0-BBB9-7AA67CF4F6B2}"
EndProject
Project("{FAE04EC0-301F-11D3-BF4B-00C04F79EFBC}") = "MicroRabbit.Domain.Core", "MicroRabbit.Domain.Core\MicroRabbit.Domain.Core\MicroRabbit.Domain.Core.csproj", "{7C49A40F-C760-41FB-A3DA-BE8B303C8117}"
EndProject
Project("{FAE04EC0-301F-11D3-BF4B-00C04F79EFBC}") = "MicroRabbit.Infra.Bus", "MicroRabbit.Infra.Bus\MicroRabbit.Infra.Bus.csproj", "{28E39014-884B-477F-AB6D-8F2BDB3F1C87}"
EndProject
Project("{FAE04EC0-301F-11D3-BF4B-00C04F79EFBC}") = "MicroRabbit.Infra.IoC", "MicroRabbit.Infra.IoC\MicroRabbit.Infra.IoC.csproj", "{1DABB3B4-CEAC-4546-9C70-D8F80F40EEB7}"
EndProject
Project("{2150E333-8FDC-42A3-9474-1A3956D46DE8}") = "Banking", "Banking", "{9CCF2DA0-FCCC-41AB-89F3-140E8DE6ECFE}"
EndProject
Project("{2150E333-8FDC-42A3-9474-1A3956D46DE8}") = "Api", "Api", "{7DE3883A-E376-4F84-98EF-2C7D6A03C712}"
EndProject
Project("{2150E333-8FDC-42A3-9474-1A3956D46DE8}") = "Domain", "Domain", "{50DD1435-8A8A-4FE1-A011-C7A3F263B1B3}"
EndProject
Project("{2150E333-8FDC-42A3-9474-1A3956D46DE8}") = "Application", "Application", "{FBFB4A1F-B723-4271-934C-22CCCF628C9B}"
EndProject
Project("{2150E333-8FDC-42A3-9474-1A3956D46DE8}") = "Data", "Data", "{CF6C0B8C-22C9-4C1C-A8CC-5891B5FA087C}"
EndProject
Project("{FAE04EC0-301F-11D3-BF4B-00C04F79EFBC}") = "MicroRabbit.Banking.Api", "MicroRabbit.Banking.Api\MicroRabbit.Banking.Api.csproj", "{4FEBDDF7-54F4-4872-BCB5-835E0D47306F}"
EndProject
Project("{FAE04EC0-301F-11D3-BF4B-00C04F79EFBC}") = "MicroRabbit.Banking.Application", "MicroRabbit.Banking.Application\MicroRabbit.Banking.Application.csproj", "{3A9AE53C-6C6B-4470-BCAB-5FF5C35C73C4}"
EndProject
Project("{FAE04EC0-301F-11D3-BF4B-00C04F79EFBC}") = "MicroRabbit.Banking.Data", "MicroRabbit.Banking.Data\MicroRabbit.Banking.Data.csproj", "{F158B4EE-F8D4-424F-832C-9532CAF9BFD7}"
EndProject
Project("{FAE04EC0-301F-11D3-BF4B-00C04F79EFBC}") = "MicroRabbit.Banking.Domain", "MicroRabbit.Banking.Domain\MicroRabbit.Banking.Domain.csproj", "{94A41AA3-EC5A-44A0-8724-4664E03CE4A8}"
EndProject
Project("{2150E333-8FDC-42A3-9474-1A3956D46DE8}") = "Solution Items", "Solution Items", "{02EA681E-C7D8-13C7-8484-4AC65E1B71E8}"
	ProjectSection(SolutionItems) = preProject
		.editorconfig = .editorconfig
	EndProjectSection
EndProject
Global
	GlobalSection(SolutionConfigurationPlatforms) = preSolution
		Debug|Any CPU = Debug|Any CPU
		Release|Any CPU = Release|Any CPU
	EndGlobalSection
	GlobalSection(ProjectConfigurationPlatforms) = postSolution
		{7C49A40F-C760-41FB-A3DA-BE8B303C8117}.Debug|Any CPU.ActiveCfg = Debug|Any CPU
		{7C49A40F-C760-41FB-A3DA-BE8B303C8117}.Debug|Any CPU.Build.0 = Debug|Any CPU
		{7C49A40F-C760-41FB-A3DA-BE8B303C8117}.Release|Any CPU.ActiveCfg = Release|Any CPU
		{7C49A40F-C760-41FB-A3DA-BE8B303C8117}.Release|Any CPU.Build.0 = Release|Any CPU
		{28E39014-884B-477F-AB6D-8F2BDB3F1C87}.Debug|Any CPU.ActiveCfg = Debug|Any CPU
		{28E39014-884B-477F-AB6D-8F2BDB3F1C87}.Debug|Any CPU.Build.0 = Debug|Any CPU
		{28E39014-884B-477F-AB6D-8F2BDB3F1C87}.Release|Any CPU.ActiveCfg = Release|Any CPU
		{28E39014-884B-477F-AB6D-8F2BDB3F1C87}.Release|Any CPU.Build.0 = Release|Any CPU
		{1DABB3B4-CEAC-4546-9C70-D8F80F40EEB7}.Debug|Any CPU.ActiveCfg = Debug|Any CPU
		{1DABB3B4-CEAC-4546-9C70-D8F80F40EEB7}.Debug|Any CPU.Build.0 = Debug|Any CPU
		{1DABB3B4-CEAC-4546-9C70-D8F80F40EEB7}.Release|Any CPU.ActiveCfg = Release|Any CPU
		{1DABB3B4-CEAC-4546-9C70-D8F80F40EEB7}.Release|Any CPU.Build.0 = Release|Any CPU
		{4FEBDDF7-54F4-4872-BCB5-835E0D47306F}.Debug|Any CPU.ActiveCfg = Debug|Any CPU
		{4FEBDDF7-54F4-4872-BCB5-835E0D47306F}.Debug|Any CPU.Build.0 = Debug|Any CPU
		{4FEBDDF7-54F4-4872-BCB5-835E0D47306F}.Release|Any CPU.ActiveCfg = Release|Any CPU
		{4FEBDDF7-54F4-4872-BCB5-835E0D47306F}.Release|Any CPU.Build.0 = Release|Any CPU
		{3A9AE53C-6C6B-4470-BCAB-5FF5C35C73C4}.Debug|Any CPU.ActiveCfg = Debug|Any CPU
		{3A9AE53C-6C6B-4470-BCAB-5FF5C35C73C4}.Debug|Any CPU.Build.0 = Debug|Any CPU
		{3A9AE53C-6C6B-4470-BCAB-5FF5C35C73C4}.Release|Any CPU.ActiveCfg = Release|Any CPU
		{3A9AE53C-6C6B-4470-BCAB-5FF5C35C73C4}.Release|Any CPU.Build.0 = Release|Any CPU
		{F158B4EE-F8D4-424F-832C-9532CAF9BFD7}.Debug|Any CPU.ActiveCfg = Debug|Any CPU
		{F158B4EE-F8D4-424F-832C-9532CAF9BFD7}.Debug|Any CPU.Build.0 = Debug|Any CPU
		{F158B4EE-F8D4-424F-832C-9532CAF9BFD7}.Release|Any CPU.ActiveCfg = Release|Any CPU
		{F158B4EE-F8D4-424F-832C-9532CAF9BFD7}.Release|Any CPU.Build.0 = Release|Any CPU
		{94A41AA3-EC5A-44A0-8724-4664E03CE4A8}.Debug|Any CPU.ActiveCfg = Debug|Any CPU
		{94A41AA3-EC5A-44A0-8724-4664E03CE4A8}.Debug|Any CPU.Build.0 = Debug|Any CPU
		{94A41AA3-EC5A-44A0-8724-4664E03CE4A8}.Release|Any CPU.ActiveCfg = Release|Any CPU
		{94A41AA3-EC5A-44A0-8724-4664E03CE4A8}.Release|Any CPU.Build.0 = Release|Any CPU
	EndGlobalSection
	GlobalSection(SolutionProperties) = preSolution
		HideSolutionNode = FALSE
	EndGlobalSection
	GlobalSection(NestedProjects) = preSolution
		{7C49A40F-C760-41FB-A3DA-BE8B303C8117} = {3B50F39D-85D1-4C93-92EA-B39D8B1EDCE3}
		{28E39014-884B-477F-AB6D-8F2BDB3F1C87} = {D057DE56-5F74-4BCB-B22D-A04B27E6C807}
		{1DABB3B4-CEAC-4546-9C70-D8F80F40EEB7} = {1E7A3BC9-8341-495E-B7FC-4EDE76FD519C}
		{9CCF2DA0-FCCC-41AB-89F3-140E8DE6ECFE} = {E9143888-F80D-43C6-8F47-1C994D1E01B2}
		{7DE3883A-E376-4F84-98EF-2C7D6A03C712} = {9CCF2DA0-FCCC-41AB-89F3-140E8DE6ECFE}
		{50DD1435-8A8A-4FE1-A011-C7A3F263B1B3} = {9CCF2DA0-FCCC-41AB-89F3-140E8DE6ECFE}
		{FBFB4A1F-B723-4271-934C-22CCCF628C9B} = {9CCF2DA0-FCCC-41AB-89F3-140E8DE6ECFE}
		{CF6C0B8C-22C9-4C1C-A8CC-5891B5FA087C} = {9CCF2DA0-FCCC-41AB-89F3-140E8DE6ECFE}
		{4FEBDDF7-54F4-4872-BCB5-835E0D47306F} = {7DE3883A-E376-4F84-98EF-2C7D6A03C712}
		{3A9AE53C-6C6B-4470-BCAB-5FF5C35C73C4} = {FBFB4A1F-B723-4271-934C-22CCCF628C9B}
		{F158B4EE-F8D4-424F-832C-9532CAF9BFD7} = {CF6C0B8C-22C9-4C1C-A8CC-5891B5FA087C}
		{94A41AA3-EC5A-44A0-8724-4664E03CE4A8} = {50DD1435-8A8A-4FE1-A011-C7A3F263B1B3}
	EndGlobalSection
	GlobalSection(ExtensibilityGlobals) = postSolution
		SolutionGuid = {A6F9D09E-8F58-4852-A7BC-AF31397B7B80}
	EndGlobalSection
EndGlobal
